// !$*UTF8*$!
{
	archiveVersion = 1;
	classes = {
	};
	objectVersion = 46;
	objects = {

/* Begin PBXBuildFile section */
		475AB23E1F04BC3600276DD6 /* AppDelegate.swift in Sources */ = {isa = PBXBuildFile; fileRef = 475AB23D1F04BC3600276DD6 /* AppDelegate.swift */; };
		475AB2461F04BC3600276DD6 /* ViewController.swift in Sources */ = {isa = PBXBuildFile; fileRef = 475AB2451F04BC3600276DD6 /* ViewController.swift */; };
		475AB2481F04BC3600276DD6 /* _macos.xcassets in Resources */ = {isa = PBXBuildFile; fileRef = 475AB2471F04BC3600276DD6 /* _macos.xcassets */; };
		475AB24B1F04BC3600276DD6 /* Main.storyboard in Resources */ = {isa = PBXBuildFile; fileRef = 475AB2491F04BC3600276DD6 /* Main.storyboard */; };
		475AB2501F04BC8900276DD6 /* GameScene.sks in Resources */ = {isa = PBXBuildFile; fileRef = F5954B8E1D21F0F60088187E /* GameScene.sks */; };
		475AB2511F04BC8900276DD6 /* GameScene.swift in Sources */ = {isa = PBXBuildFile; fileRef = F5954B921D21F0F60088187E /* GameScene.swift */; };
		475AB2521F04BC9200276DD6 /* Splash.sks in Resources */ = {isa = PBXBuildFile; fileRef = F57E6CC61D3D4D8F00827D9A /* Splash.sks */; };
		475AB2531F04BC9700276DD6 /* Fish Caught.caf in Resources */ = {isa = PBXBuildFile; fileRef = F53C25851D2EC20A00E346CA /* Fish Caught.caf */; };
		475AB2541F04BC9700276DD6 /* Fishing Ambience Sound.caf in Resources */ = {isa = PBXBuildFile; fileRef = F560C2491D2EB28D0066C872 /* Fishing Ambience Sound.caf */; };
		475AB2551F04BC9700276DD6 /* Game Over Sound.caf in Resources */ = {isa = PBXBuildFile; fileRef = F560C24A1D2EB28D0066C872 /* Game Over Sound.caf */; };
		475AB2561F04BC9700276DD6 /* Reel Start Sound.caf in Resources */ = {isa = PBXBuildFile; fileRef = F560C24B1D2EB28D0066C872 /* Reel Start Sound.caf */; };
		475AB2571F04BC9700276DD6 /* Reel Tick Sound.caf in Resources */ = {isa = PBXBuildFile; fileRef = F560C24C1D2EB28D0066C872 /* Reel Tick Sound.caf */; };
		475AB2581F04BC9700276DD6 /* Yum Fish Sound.caf in Resources */ = {isa = PBXBuildFile; fileRef = F560C24D1D2EB28D0066C872 /* Yum Fish Sound.caf */; };
		475AB2591F04BC9700276DD6 /* Zombie Sound.caf in Resources */ = {isa = PBXBuildFile; fileRef = F560C24E1D2EB28D0066C872 /* Zombie Sound.caf */; };
		475AB25A1F04BC9700276DD6 /* Fish Bash Sound.caf in Resources */ = {isa = PBXBuildFile; fileRef = F5B174D11D307C480095BE83 /* Fish Bash Sound.caf */; };
		475AB25B1F04BC9700276DD6 /* Fish Off Sound.caf in Resources */ = {isa = PBXBuildFile; fileRef = F5B174D21D307C480095BE83 /* Fish Off Sound.caf */; };
		475AB25C1F04BC9D00276DD6 /* CGFloat+Extensions.swift in Sources */ = {isa = PBXBuildFile; fileRef = F57193811D2350B2006E68F6 /* CGFloat+Extensions.swift */; };
		475AB25D1F04BC9D00276DD6 /* CGPoint+Extensions.swift in Sources */ = {isa = PBXBuildFile; fileRef = F57193821D2350B2006E68F6 /* CGPoint+Extensions.swift */; };
		475AB25E1F04BC9D00276DD6 /* CGVector+Extensions.swift in Sources */ = {isa = PBXBuildFile; fileRef = F57193831D2350B2006E68F6 /* CGVector+Extensions.swift */; };
		475AB25F1F04BC9D00276DD6 /* Int+Extensions.swift in Sources */ = {isa = PBXBuildFile; fileRef = F57193841D2350B2006E68F6 /* Int+Extensions.swift */; };
		475AB2601F04BC9D00276DD6 /* SKAction+Extensions.swift in Sources */ = {isa = PBXBuildFile; fileRef = F57193851D2350B2006E68F6 /* SKAction+Extensions.swift */; };
		475AB2611F04BC9D00276DD6 /* SKAction+SpecialEffects.swift in Sources */ = {isa = PBXBuildFile; fileRef = F57193861D2350B2006E68F6 /* SKAction+SpecialEffects.swift */; };
		475AB2621F04BC9D00276DD6 /* SKColor+Extensions.swift in Sources */ = {isa = PBXBuildFile; fileRef = F57193871D2350B2006E68F6 /* SKColor+Extensions.swift */; };
		475AB2631F04BC9D00276DD6 /* SKNode+Extensions.swift in Sources */ = {isa = PBXBuildFile; fileRef = F57193881D2350B2006E68F6 /* SKNode+Extensions.swift */; };
		475AB2641F04BC9D00276DD6 /* SKTAudio.swift in Sources */ = {isa = PBXBuildFile; fileRef = F57193891D2350B2006E68F6 /* SKTAudio.swift */; };
		475AB2651F04BC9D00276DD6 /* SKTEffects.swift in Sources */ = {isa = PBXBuildFile; fileRef = F571938A1D2350B2006E68F6 /* SKTEffects.swift */; };
		475AB2661F04BC9D00276DD6 /* SKTTimingFunctions.swift in Sources */ = {isa = PBXBuildFile; fileRef = F571938B1D2350B2006E68F6 /* SKTTimingFunctions.swift */; };
		475AB2671F04BC9D00276DD6 /* Vector3.swift in Sources */ = {isa = PBXBuildFile; fileRef = F571938C1D2350B2006E68F6 /* Vector3.swift */; };
		47D9364A1F06DC1600BF26AB /* AppDelegate.swift in Sources */ = {isa = PBXBuildFile; fileRef = 47D936491F06DC1600BF26AB /* AppDelegate.swift */; };
		47D936541F06DC1600BF26AB /* GameViewController.swift in Sources */ = {isa = PBXBuildFile; fileRef = 47D936531F06DC1600BF26AB /* GameViewController.swift */; };
		47D936571F06DC1600BF26AB /* Main.storyboard in Resources */ = {isa = PBXBuildFile; fileRef = 47D936551F06DC1600BF26AB /* Main.storyboard */; };
		47D936591F06DC1600BF26AB /* Assets_tvos.xcassets in Resources */ = {isa = PBXBuildFile; fileRef = 47D936581F06DC1600BF26AB /* Assets_tvos.xcassets */; };
		47D9365E1F06DC6400BF26AB /* GameScene.sks in Resources */ = {isa = PBXBuildFile; fileRef = F5954B8E1D21F0F60088187E /* GameScene.sks */; };
		47D9365F1F06DC6400BF26AB /* GameScene.swift in Sources */ = {isa = PBXBuildFile; fileRef = F5954B921D21F0F60088187E /* GameScene.swift */; };
		47D936601F06DC6400BF26AB /* Splash.sks in Resources */ = {isa = PBXBuildFile; fileRef = F57E6CC61D3D4D8F00827D9A /* Splash.sks */; };
		47D936611F06DC6400BF26AB /* Assets.xcassets in Resources */ = {isa = PBXBuildFile; fileRef = F5954B991D21F0F60088187E /* Assets.xcassets */; };
		47D936621F06DC6B00BF26AB /* Fish Caught.caf in Resources */ = {isa = PBXBuildFile; fileRef = F53C25851D2EC20A00E346CA /* Fish Caught.caf */; };
		47D936631F06DC6B00BF26AB /* Fishing Ambience Sound.caf in Resources */ = {isa = PBXBuildFile; fileRef = F560C2491D2EB28D0066C872 /* Fishing Ambience Sound.caf */; };
		47D936641F06DC6B00BF26AB /* Game Over Sound.caf in Resources */ = {isa = PBXBuildFile; fileRef = F560C24A1D2EB28D0066C872 /* Game Over Sound.caf */; };
		47D936651F06DC6B00BF26AB /* Reel Start Sound.caf in Resources */ = {isa = PBXBuildFile; fileRef = F560C24B1D2EB28D0066C872 /* Reel Start Sound.caf */; };
		47D936661F06DC6B00BF26AB /* Reel Tick Sound.caf in Resources */ = {isa = PBXBuildFile; fileRef = F560C24C1D2EB28D0066C872 /* Reel Tick Sound.caf */; };
		47D936671F06DC6B00BF26AB /* Yum Fish Sound.caf in Resources */ = {isa = PBXBuildFile; fileRef = F560C24D1D2EB28D0066C872 /* Yum Fish Sound.caf */; };
		47D936681F06DC6B00BF26AB /* Zombie Sound.caf in Resources */ = {isa = PBXBuildFile; fileRef = F560C24E1D2EB28D0066C872 /* Zombie Sound.caf */; };
		47D936691F06DC6B00BF26AB /* Fish Bash Sound.caf in Resources */ = {isa = PBXBuildFile; fileRef = F5B174D11D307C480095BE83 /* Fish Bash Sound.caf */; };
		47D9366A1F06DC6B00BF26AB /* Fish Off Sound.caf in Resources */ = {isa = PBXBuildFile; fileRef = F5B174D21D307C480095BE83 /* Fish Off Sound.caf */; };
		47D9366B1F06DC7200BF26AB /* CGFloat+Extensions.swift in Sources */ = {isa = PBXBuildFile; fileRef = F57193811D2350B2006E68F6 /* CGFloat+Extensions.swift */; };
		47D9366C1F06DC7200BF26AB /* CGPoint+Extensions.swift in Sources */ = {isa = PBXBuildFile; fileRef = F57193821D2350B2006E68F6 /* CGPoint+Extensions.swift */; };
		47D9366D1F06DC7200BF26AB /* CGVector+Extensions.swift in Sources */ = {isa = PBXBuildFile; fileRef = F57193831D2350B2006E68F6 /* CGVector+Extensions.swift */; };
		47D9366E1F06DC7200BF26AB /* Int+Extensions.swift in Sources */ = {isa = PBXBuildFile; fileRef = F57193841D2350B2006E68F6 /* Int+Extensions.swift */; };
		47D9366F1F06DC7200BF26AB /* SKAction+Extensions.swift in Sources */ = {isa = PBXBuildFile; fileRef = F57193851D2350B2006E68F6 /* SKAction+Extensions.swift */; };
		47D936701F06DC7200BF26AB /* SKAction+SpecialEffects.swift in Sources */ = {isa = PBXBuildFile; fileRef = F57193861D2350B2006E68F6 /* SKAction+SpecialEffects.swift */; };
		47D936711F06DC7200BF26AB /* SKColor+Extensions.swift in Sources */ = {isa = PBXBuildFile; fileRef = F57193871D2350B2006E68F6 /* SKColor+Extensions.swift */; };
		47D936721F06DC7200BF26AB /* SKNode+Extensions.swift in Sources */ = {isa = PBXBuildFile; fileRef = F57193881D2350B2006E68F6 /* SKNode+Extensions.swift */; };
		47D936731F06DC7200BF26AB /* SKTAudio.swift in Sources */ = {isa = PBXBuildFile; fileRef = F57193891D2350B2006E68F6 /* SKTAudio.swift */; };
		47D936741F06DC7200BF26AB /* SKTEffects.swift in Sources */ = {isa = PBXBuildFile; fileRef = F571938A1D2350B2006E68F6 /* SKTEffects.swift */; };
		47D936751F06DC7200BF26AB /* SKTTimingFunctions.swift in Sources */ = {isa = PBXBuildFile; fileRef = F571938B1D2350B2006E68F6 /* SKTTimingFunctions.swift */; };
		47D936761F06DC7200BF26AB /* Vector3.swift in Sources */ = {isa = PBXBuildFile; fileRef = F571938C1D2350B2006E68F6 /* Vector3.swift */; };
		47F9DE3F1F05881400C523A1 /* Assets.xcassets in Resources */ = {isa = PBXBuildFile; fileRef = F5954B991D21F0F60088187E /* Assets.xcassets */; };
		F53C25861D2EC20A00E346CA /* Fish Caught.caf in Resources */ = {isa = PBXBuildFile; fileRef = F53C25851D2EC20A00E346CA /* Fish Caught.caf */; };
		F560C24F1D2EB28D0066C872 /* Fishing Ambience Sound.caf in Resources */ = {isa = PBXBuildFile; fileRef = F560C2491D2EB28D0066C872 /* Fishing Ambience Sound.caf */; };
		F560C2501D2EB28D0066C872 /* Game Over Sound.caf in Resources */ = {isa = PBXBuildFile; fileRef = F560C24A1D2EB28D0066C872 /* Game Over Sound.caf */; };
		F560C2511D2EB28D0066C872 /* Reel Start Sound.caf in Resources */ = {isa = PBXBuildFile; fileRef = F560C24B1D2EB28D0066C872 /* Reel Start Sound.caf */; };
		F560C2521D2EB28D0066C872 /* Reel Tick Sound.caf in Resources */ = {isa = PBXBuildFile; fileRef = F560C24C1D2EB28D0066C872 /* Reel Tick Sound.caf */; };
		F560C2531D2EB28D0066C872 /* Yum Fish Sound.caf in Resources */ = {isa = PBXBuildFile; fileRef = F560C24D1D2EB28D0066C872 /* Yum Fish Sound.caf */; };
		F560C2541D2EB28D0066C872 /* Zombie Sound.caf in Resources */ = {isa = PBXBuildFile; fileRef = F560C24E1D2EB28D0066C872 /* Zombie Sound.caf */; };
		F571938D1D2350B2006E68F6 /* CGFloat+Extensions.swift in Sources */ = {isa = PBXBuildFile; fileRef = F57193811D2350B2006E68F6 /* CGFloat+Extensions.swift */; };
		F571938E1D2350B2006E68F6 /* CGPoint+Extensions.swift in Sources */ = {isa = PBXBuildFile; fileRef = F57193821D2350B2006E68F6 /* CGPoint+Extensions.swift */; };
		F571938F1D2350B2006E68F6 /* CGVector+Extensions.swift in Sources */ = {isa = PBXBuildFile; fileRef = F57193831D2350B2006E68F6 /* CGVector+Extensions.swift */; };
		F57193901D2350B2006E68F6 /* Int+Extensions.swift in Sources */ = {isa = PBXBuildFile; fileRef = F57193841D2350B2006E68F6 /* Int+Extensions.swift */; };
		F57193911D2350B2006E68F6 /* SKAction+Extensions.swift in Sources */ = {isa = PBXBuildFile; fileRef = F57193851D2350B2006E68F6 /* SKAction+Extensions.swift */; };
		F57193921D2350B2006E68F6 /* SKAction+SpecialEffects.swift in Sources */ = {isa = PBXBuildFile; fileRef = F57193861D2350B2006E68F6 /* SKAction+SpecialEffects.swift */; };
		F57193931D2350B2006E68F6 /* SKColor+Extensions.swift in Sources */ = {isa = PBXBuildFile; fileRef = F57193871D2350B2006E68F6 /* SKColor+Extensions.swift */; };
		F57193941D2350B2006E68F6 /* SKNode+Extensions.swift in Sources */ = {isa = PBXBuildFile; fileRef = F57193881D2350B2006E68F6 /* SKNode+Extensions.swift */; };
		F57193951D2350B2006E68F6 /* SKTAudio.swift in Sources */ = {isa = PBXBuildFile; fileRef = F57193891D2350B2006E68F6 /* SKTAudio.swift */; };
		F57193961D2350B2006E68F6 /* SKTEffects.swift in Sources */ = {isa = PBXBuildFile; fileRef = F571938A1D2350B2006E68F6 /* SKTEffects.swift */; };
		F57193971D2350B2006E68F6 /* SKTTimingFunctions.swift in Sources */ = {isa = PBXBuildFile; fileRef = F571938B1D2350B2006E68F6 /* SKTTimingFunctions.swift */; };
		F57193981D2350B2006E68F6 /* Vector3.swift in Sources */ = {isa = PBXBuildFile; fileRef = F571938C1D2350B2006E68F6 /* Vector3.swift */; };
		F57E6CC81D3D4D8F00827D9A /* Splash.sks in Resources */ = {isa = PBXBuildFile; fileRef = F57E6CC61D3D4D8F00827D9A /* Splash.sks */; };
		F5954B8D1D21F0F60088187E /* AppDelegate.swift in Sources */ = {isa = PBXBuildFile; fileRef = F5954B8C1D21F0F60088187E /* AppDelegate.swift */; };
		F5954B8F1D21F0F60088187E /* GameScene.sks in Resources */ = {isa = PBXBuildFile; fileRef = F5954B8E1D21F0F60088187E /* GameScene.sks */; };
		F5954B931D21F0F60088187E /* GameScene.swift in Sources */ = {isa = PBXBuildFile; fileRef = F5954B921D21F0F60088187E /* GameScene.swift */; };
		F5954B951D21F0F60088187E /* GameViewController.swift in Sources */ = {isa = PBXBuildFile; fileRef = F5954B941D21F0F60088187E /* GameViewController.swift */; };
		F5954B981D21F0F60088187E /* Main.storyboard in Resources */ = {isa = PBXBuildFile; fileRef = F5954B961D21F0F60088187E /* Main.storyboard */; };
		F5954B9A1D21F0F60088187E /* Assets.xcassets in Resources */ = {isa = PBXBuildFile; fileRef = F5954B991D21F0F60088187E /* Assets.xcassets */; };
		F5954B9D1D21F0F60088187E /* LaunchScreen.storyboard in Resources */ = {isa = PBXBuildFile; fileRef = F5954B9B1D21F0F60088187E /* LaunchScreen.storyboard */; };
		F5B174D31D307D190095BE83 /* Fish Bash Sound.caf in Resources */ = {isa = PBXBuildFile; fileRef = F5B174D11D307C480095BE83 /* Fish Bash Sound.caf */; };
		F5B174D41D307D1B0095BE83 /* Fish Off Sound.caf in Resources */ = {isa = PBXBuildFile; fileRef = F5B174D21D307C480095BE83 /* Fish Off Sound.caf */; };
/* End PBXBuildFile section */

/* Begin PBXFileReference section */
		475AB23B1F04BC3600276DD6 /* Zombie Piranhas.app */ = {isa = PBXFileReference; explicitFileType = wrapper.application; includeInIndex = 0; path = "Zombie Piranhas.app"; sourceTree = BUILT_PRODUCTS_DIR; };
		475AB23D1F04BC3600276DD6 /* AppDelegate.swift */ = {isa = PBXFileReference; lastKnownFileType = sourcecode.swift; path = AppDelegate.swift; sourceTree = "<group>"; };
		475AB23F1F04BC3600276DD6 /* GameScene.sks */ = {isa = PBXFileReference; lastKnownFileType = file.sks; path = GameScene.sks; sourceTree = "<group>"; };
		475AB2411F04BC3600276DD6 /* Actions.sks */ = {isa = PBXFileReference; lastKnownFileType = file.sks; path = Actions.sks; sourceTree = "<group>"; };
		475AB2431F04BC3600276DD6 /* GameScene.swift */ = {isa = PBXFileReference; lastKnownFileType = sourcecode.swift; path = GameScene.swift; sourceTree = "<group>"; };
		475AB2451F04BC3600276DD6 /* ViewController.swift */ = {isa = PBXFileReference; lastKnownFileType = sourcecode.swift; path = ViewController.swift; sourceTree = "<group>"; };
		475AB2471F04BC3600276DD6 /* _macos.xcassets */ = {isa = PBXFileReference; lastKnownFileType = folder.assetcatalog; path = _macos.xcassets; sourceTree = "<group>"; };
		475AB24A1F04BC3600276DD6 /* Base */ = {isa = PBXFileReference; lastKnownFileType = file.storyboard; name = Base; path = Base.lproj/Main.storyboard; sourceTree = "<group>"; };
		475AB24C1F04BC3600276DD6 /* Info.plist */ = {isa = PBXFileReference; lastKnownFileType = text.plist.xml; path = Info.plist; sourceTree = "<group>"; };
		47D936421F06DB8500BF26AB /* Zombie Piranhas.entitlements */ = {isa = PBXFileReference; lastKnownFileType = text.plist.entitlements; path = "Zombie Piranhas.entitlements"; sourceTree = "<group>"; };
		47D936471F06DC1600BF26AB /* Zombie Piranhas.app */ = {isa = PBXFileReference; explicitFileType = wrapper.application; includeInIndex = 0; path = "Zombie Piranhas.app"; sourceTree = BUILT_PRODUCTS_DIR; };
		47D936491F06DC1600BF26AB /* AppDelegate.swift */ = {isa = PBXFileReference; lastKnownFileType = sourcecode.swift; path = AppDelegate.swift; sourceTree = "<group>"; };
		47D936531F06DC1600BF26AB /* GameViewController.swift */ = {isa = PBXFileReference; lastKnownFileType = sourcecode.swift; path = GameViewController.swift; sourceTree = "<group>"; };
		47D936561F06DC1600BF26AB /* Base */ = {isa = PBXFileReference; lastKnownFileType = file.storyboard; name = Base; path = Base.lproj/Main.storyboard; sourceTree = "<group>"; };
		47D936581F06DC1600BF26AB /* Assets_tvos.xcassets */ = {isa = PBXFileReference; lastKnownFileType = folder.assetcatalog; name = Assets_tvos.xcassets; path = "Zombie Piranhas tvOS/Assets_tvos.xcassets"; sourceTree = SOURCE_ROOT; };
		47D9365A1F06DC1600BF26AB /* Info.plist */ = {isa = PBXFileReference; lastKnownFileType = text.plist.xml; path = Info.plist; sourceTree = "<group>"; };
		F53C25851D2EC20A00E346CA /* Fish Caught.caf */ = {isa = PBXFileReference; lastKnownFileType = file; path = "Fish Caught.caf"; sourceTree = "<group>"; };
		F560C2491D2EB28D0066C872 /* Fishing Ambience Sound.caf */ = {isa = PBXFileReference; lastKnownFileType = file; path = "Fishing Ambience Sound.caf"; sourceTree = "<group>"; };
		F560C24A1D2EB28D0066C872 /* Game Over Sound.caf */ = {isa = PBXFileReference; lastKnownFileType = file; path = "Game Over Sound.caf"; sourceTree = "<group>"; };
		F560C24B1D2EB28D0066C872 /* Reel Start Sound.caf */ = {isa = PBXFileReference; lastKnownFileType = file; path = "Reel Start Sound.caf"; sourceTree = "<group>"; };
		F560C24C1D2EB28D0066C872 /* Reel Tick Sound.caf */ = {isa = PBXFileReference; lastKnownFileType = file; path = "Reel Tick Sound.caf"; sourceTree = "<group>"; };
		F560C24D1D2EB28D0066C872 /* Yum Fish Sound.caf */ = {isa = PBXFileReference; lastKnownFileType = file; path = "Yum Fish Sound.caf"; sourceTree = "<group>"; };
		F560C24E1D2EB28D0066C872 /* Zombie Sound.caf */ = {isa = PBXFileReference; lastKnownFileType = file; path = "Zombie Sound.caf"; sourceTree = "<group>"; };
		F57193811D2350B2006E68F6 /* CGFloat+Extensions.swift */ = {isa = PBXFileReference; fileEncoding = 4; lastKnownFileType = sourcecode.swift; path = "CGFloat+Extensions.swift"; sourceTree = "<group>"; };
		F57193821D2350B2006E68F6 /* CGPoint+Extensions.swift */ = {isa = PBXFileReference; fileEncoding = 4; lastKnownFileType = sourcecode.swift; path = "CGPoint+Extensions.swift"; sourceTree = "<group>"; };
		F57193831D2350B2006E68F6 /* CGVector+Extensions.swift */ = {isa = PBXFileReference; fileEncoding = 4; lastKnownFileType = sourcecode.swift; path = "CGVector+Extensions.swift"; sourceTree = "<group>"; };
		F57193841D2350B2006E68F6 /* Int+Extensions.swift */ = {isa = PBXFileReference; fileEncoding = 4; lastKnownFileType = sourcecode.swift; path = "Int+Extensions.swift"; sourceTree = "<group>"; };
		F57193851D2350B2006E68F6 /* SKAction+Extensions.swift */ = {isa = PBXFileReference; fileEncoding = 4; lastKnownFileType = sourcecode.swift; path = "SKAction+Extensions.swift"; sourceTree = "<group>"; };
		F57193861D2350B2006E68F6 /* SKAction+SpecialEffects.swift */ = {isa = PBXFileReference; fileEncoding = 4; lastKnownFileType = sourcecode.swift; path = "SKAction+SpecialEffects.swift"; sourceTree = "<group>"; };
		F57193871D2350B2006E68F6 /* SKColor+Extensions.swift */ = {isa = PBXFileReference; fileEncoding = 4; lastKnownFileType = sourcecode.swift; path = "SKColor+Extensions.swift"; sourceTree = "<group>"; };
		F57193881D2350B2006E68F6 /* SKNode+Extensions.swift */ = {isa = PBXFileReference; fileEncoding = 4; lastKnownFileType = sourcecode.swift; path = "SKNode+Extensions.swift"; sourceTree = "<group>"; };
		F57193891D2350B2006E68F6 /* SKTAudio.swift */ = {isa = PBXFileReference; fileEncoding = 4; lastKnownFileType = sourcecode.swift; path = SKTAudio.swift; sourceTree = "<group>"; };
		F571938A1D2350B2006E68F6 /* SKTEffects.swift */ = {isa = PBXFileReference; fileEncoding = 4; lastKnownFileType = sourcecode.swift; path = SKTEffects.swift; sourceTree = "<group>"; };
		F571938B1D2350B2006E68F6 /* SKTTimingFunctions.swift */ = {isa = PBXFileReference; fileEncoding = 4; lastKnownFileType = sourcecode.swift; path = SKTTimingFunctions.swift; sourceTree = "<group>"; };
		F571938C1D2350B2006E68F6 /* Vector3.swift */ = {isa = PBXFileReference; fileEncoding = 4; lastKnownFileType = sourcecode.swift; path = Vector3.swift; sourceTree = "<group>"; };
		F57E6CC61D3D4D8F00827D9A /* Splash.sks */ = {isa = PBXFileReference; lastKnownFileType = file.sks; path = Splash.sks; sourceTree = "<group>"; };
		F5954B891D21F0F60088187E /* Zombie Piranhas.app */ = {isa = PBXFileReference; explicitFileType = wrapper.application; includeInIndex = 0; path = "Zombie Piranhas.app"; sourceTree = BUILT_PRODUCTS_DIR; };
		F5954B8C1D21F0F60088187E /* AppDelegate.swift */ = {isa = PBXFileReference; lastKnownFileType = sourcecode.swift; path = AppDelegate.swift; sourceTree = "<group>"; };
		F5954B8E1D21F0F60088187E /* GameScene.sks */ = {isa = PBXFileReference; lastKnownFileType = file.sks; path = GameScene.sks; sourceTree = "<group>"; };
		F5954B921D21F0F60088187E /* GameScene.swift */ = {isa = PBXFileReference; lastKnownFileType = sourcecode.swift; path = GameScene.swift; sourceTree = "<group>"; };
		F5954B941D21F0F60088187E /* GameViewController.swift */ = {isa = PBXFileReference; lastKnownFileType = sourcecode.swift; path = GameViewController.swift; sourceTree = "<group>"; };
		F5954B971D21F0F60088187E /* Base */ = {isa = PBXFileReference; lastKnownFileType = file.storyboard; name = Base; path = Base.lproj/Main.storyboard; sourceTree = "<group>"; };
		F5954B991D21F0F60088187E /* Assets.xcassets */ = {isa = PBXFileReference; lastKnownFileType = folder.assetcatalog; path = Assets.xcassets; sourceTree = "<group>"; };
		F5954B9C1D21F0F60088187E /* Base */ = {isa = PBXFileReference; lastKnownFileType = file.storyboard; name = Base; path = Base.lproj/LaunchScreen.storyboard; sourceTree = "<group>"; };
		F5954B9E1D21F0F60088187E /* Info.plist */ = {isa = PBXFileReference; lastKnownFileType = text.plist.xml; path = Info.plist; sourceTree = "<group>"; };
		F5B174D11D307C480095BE83 /* Fish Bash Sound.caf */ = {isa = PBXFileReference; lastKnownFileType = file; path = "Fish Bash Sound.caf"; sourceTree = "<group>"; };
		F5B174D21D307C480095BE83 /* Fish Off Sound.caf */ = {isa = PBXFileReference; lastKnownFileType = file; path = "Fish Off Sound.caf"; sourceTree = "<group>"; };
/* End PBXFileReference section */

/* Begin PBXFrameworksBuildPhase section */
		475AB2381F04BC3600276DD6 /* Frameworks */ = {
			isa = PBXFrameworksBuildPhase;
			buildActionMask = 2147483647;
			files = (
			);
			runOnlyForDeploymentPostprocessing = 0;
		};
		47D936441F06DC1600BF26AB /* Frameworks */ = {
			isa = PBXFrameworksBuildPhase;
			buildActionMask = 2147483647;
			files = (
			);
			runOnlyForDeploymentPostprocessing = 0;
		};
		F5954B861D21F0F60088187E /* Frameworks */ = {
			isa = PBXFrameworksBuildPhase;
			buildActionMask = 2147483647;
			files = (
			);
			runOnlyForDeploymentPostprocessing = 0;
		};
/* End PBXFrameworksBuildPhase section */

/* Begin PBXGroup section */
		475AB23C1F04BC3600276DD6 /* Zombie Piranhas macOS */ = {
			isa = PBXGroup;
			children = (
				47D936421F06DB8500BF26AB /* Zombie Piranhas.entitlements */,
				475AB23D1F04BC3600276DD6 /* AppDelegate.swift */,
				475AB23F1F04BC3600276DD6 /* GameScene.sks */,
				475AB2411F04BC3600276DD6 /* Actions.sks */,
				475AB2431F04BC3600276DD6 /* GameScene.swift */,
				475AB2451F04BC3600276DD6 /* ViewController.swift */,
				475AB2471F04BC3600276DD6 /* _macos.xcassets */,
				475AB2491F04BC3600276DD6 /* Main.storyboard */,
				475AB24C1F04BC3600276DD6 /* Info.plist */,
			);
			path = "Zombie Piranhas macOS";
			sourceTree = "<group>";
		};
		47D936481F06DC1600BF26AB /* Zombie Piranhas tvOS */ = {
			isa = PBXGroup;
			children = (
				47D936491F06DC1600BF26AB /* AppDelegate.swift */,
				47D936531F06DC1600BF26AB /* GameViewController.swift */,
				47D936551F06DC1600BF26AB /* Main.storyboard */,
				47D936581F06DC1600BF26AB /* Assets_tvos.xcassets */,
				47D9365A1F06DC1600BF26AB /* Info.plist */,
			);
			path = "Zombie Piranhas tvOS";
			sourceTree = "<group>";
		};
		F560C2481D2EB28D0066C872 /* Audio */ = {
			isa = PBXGroup;
			children = (
				F53C25851D2EC20A00E346CA /* Fish Caught.caf */,
				F560C2491D2EB28D0066C872 /* Fishing Ambience Sound.caf */,
				F560C24A1D2EB28D0066C872 /* Game Over Sound.caf */,
				F560C24B1D2EB28D0066C872 /* Reel Start Sound.caf */,
				F560C24C1D2EB28D0066C872 /* Reel Tick Sound.caf */,
				F560C24D1D2EB28D0066C872 /* Yum Fish Sound.caf */,
				F560C24E1D2EB28D0066C872 /* Zombie Sound.caf */,
				F5B174D11D307C480095BE83 /* Fish Bash Sound.caf */,
				F5B174D21D307C480095BE83 /* Fish Off Sound.caf */,
			);
			path = Audio;
			sourceTree = "<group>";
		};
		F57193801D2350B2006E68F6 /* SKTUtils */ = {
			isa = PBXGroup;
			children = (
				F57193811D2350B2006E68F6 /* CGFloat+Extensions.swift */,
				F57193821D2350B2006E68F6 /* CGPoint+Extensions.swift */,
				F57193831D2350B2006E68F6 /* CGVector+Extensions.swift */,
				F57193841D2350B2006E68F6 /* Int+Extensions.swift */,
				F57193851D2350B2006E68F6 /* SKAction+Extensions.swift */,
				F57193861D2350B2006E68F6 /* SKAction+SpecialEffects.swift */,
				F57193871D2350B2006E68F6 /* SKColor+Extensions.swift */,
				F57193881D2350B2006E68F6 /* SKNode+Extensions.swift */,
				F57193891D2350B2006E68F6 /* SKTAudio.swift */,
				F571938A1D2350B2006E68F6 /* SKTEffects.swift */,
				F571938B1D2350B2006E68F6 /* SKTTimingFunctions.swift */,
				F571938C1D2350B2006E68F6 /* Vector3.swift */,
			);
			path = SKTUtils;
			sourceTree = "<group>";
		};
		F5954B801D21F0F60088187E = {
			isa = PBXGroup;
			children = (
				F5954B8B1D21F0F60088187E /* Zombie Piranhas */,
				475AB23C1F04BC3600276DD6 /* Zombie Piranhas macOS */,
				47D936481F06DC1600BF26AB /* Zombie Piranhas tvOS */,
				F5954B8A1D21F0F60088187E /* Products */,
			);
			indentWidth = 2;
			sourceTree = "<group>";
			tabWidth = 2;
		};
		F5954B8A1D21F0F60088187E /* Products */ = {
			isa = PBXGroup;
			children = (
				F5954B891D21F0F60088187E /* Zombie Piranhas.app */,
				475AB23B1F04BC3600276DD6 /* Zombie Piranhas.app */,
				47D936471F06DC1600BF26AB /* Zombie Piranhas.app */,
			);
			name = Products;
			sourceTree = "<group>";
		};
		F5954B8B1D21F0F60088187E /* Zombie Piranhas */ = {
			isa = PBXGroup;
			children = (
				F5954B8C1D21F0F60088187E /* AppDelegate.swift */,
				F5954B8E1D21F0F60088187E /* GameScene.sks */,
				F5954B921D21F0F60088187E /* GameScene.swift */,
				F5954B941D21F0F60088187E /* GameViewController.swift */,
				F57E6CC61D3D4D8F00827D9A /* Splash.sks */,
				F560C2481D2EB28D0066C872 /* Audio */,
				F57193801D2350B2006E68F6 /* SKTUtils */,
				F5954B961D21F0F60088187E /* Main.storyboard */,
				F5954B991D21F0F60088187E /* Assets.xcassets */,
				F5954B9B1D21F0F60088187E /* LaunchScreen.storyboard */,
				F5954B9E1D21F0F60088187E /* Info.plist */,
			);
			path = "Zombie Piranhas";
			sourceTree = "<group>";
		};
/* End PBXGroup section */

/* Begin PBXNativeTarget section */
		475AB23A1F04BC3600276DD6 /* Zombie Piranhas macOS */ = {
			isa = PBXNativeTarget;
			buildConfigurationList = 475AB24F1F04BC3600276DD6 /* Build configuration list for PBXNativeTarget "Zombie Piranhas macOS" */;
			buildPhases = (
				475AB2371F04BC3600276DD6 /* Sources */,
				475AB2381F04BC3600276DD6 /* Frameworks */,
				475AB2391F04BC3600276DD6 /* Resources */,
			);
			buildRules = (
			);
			dependencies = (
			);
			name = "Zombie Piranhas macOS";
			productName = "Zombie Piranhas macOS";
			productReference = 475AB23B1F04BC3600276DD6 /* Zombie Piranhas.app */;
			productType = "com.apple.product-type.application";
		};
		47D936461F06DC1600BF26AB /* Zombie Piranhas tvOS */ = {
			isa = PBXNativeTarget;
			buildConfigurationList = 47D9365B1F06DC1600BF26AB /* Build configuration list for PBXNativeTarget "Zombie Piranhas tvOS" */;
			buildPhases = (
				47D936431F06DC1600BF26AB /* Sources */,
				47D936441F06DC1600BF26AB /* Frameworks */,
				47D936451F06DC1600BF26AB /* Resources */,
			);
			buildRules = (
			);
			dependencies = (
			);
			name = "Zombie Piranhas tvOS";
			productName = "Zombie Piranhas tvOS";
			productReference = 47D936471F06DC1600BF26AB /* Zombie Piranhas.app */;
			productType = "com.apple.product-type.application";
		};
		F5954B881D21F0F60088187E /* Zombie Piranhas */ = {
			isa = PBXNativeTarget;
			buildConfigurationList = F5954BA11D21F0F60088187E /* Build configuration list for PBXNativeTarget "Zombie Piranhas" */;
			buildPhases = (
				F5954B851D21F0F60088187E /* Sources */,
				F5954B861D21F0F60088187E /* Frameworks */,
				F5954B871D21F0F60088187E /* Resources */,
			);
			buildRules = (
			);
			dependencies = (
			);
			name = "Zombie Piranhas";
			productName = "Zombie Piranhas";
			productReference = F5954B891D21F0F60088187E /* Zombie Piranhas.app */;
			productType = "com.apple.product-type.application";
		};
/* End PBXNativeTarget section */

/* Begin PBXProject section */
		F5954B811D21F0F60088187E /* Project object */ = {
			isa = PBXProject;
			attributes = {
				LastSwiftUpdateCheck = 0830;
				LastUpgradeCheck = 0830;
				ORGANIZATIONNAME = "Razeware LLC";
				TargetAttributes = {
					475AB23A1F04BC3600276DD6 = {
						CreatedOnToolsVersion = 8.3.3;
						DevelopmentTeam = 342MLXFU6X;
						ProvisioningStyle = Automatic;
						SystemCapabilities = {
							com.apple.Sandbox = {
								enabled = 1;
							};
						};
					};
					47D936461F06DC1600BF26AB = {
						CreatedOnToolsVersion = 8.3.3;
						DevelopmentTeam = 342MLXFU6X;
						ProvisioningStyle = Automatic;
					};
					F5954B881D21F0F60088187E = {
						CreatedOnToolsVersion = 8.0;
						DevelopmentTeam = 342MLXFU6X;
						ProvisioningStyle = Automatic;
					};
				};
			};
			buildConfigurationList = F5954B841D21F0F60088187E /* Build configuration list for PBXProject "Zombie Piranhas" */;
			compatibilityVersion = "Xcode 3.2";
			developmentRegion = English;
			hasScannedForEncodings = 0;
			knownRegions = (
				en,
				Base,
			);
			mainGroup = F5954B801D21F0F60088187E;
			productRefGroup = F5954B8A1D21F0F60088187E /* Products */;
			projectDirPath = "";
			projectRoot = "";
			targets = (
				F5954B881D21F0F60088187E /* Zombie Piranhas */,
				475AB23A1F04BC3600276DD6 /* Zombie Piranhas macOS */,
				47D936461F06DC1600BF26AB /* Zombie Piranhas tvOS */,
			);
		};
/* End PBXProject section */

/* Begin PBXResourcesBuildPhase section */
		475AB2391F04BC3600276DD6 /* Resources */ = {
			isa = PBXResourcesBuildPhase;
			buildActionMask = 2147483647;
			files = (
				475AB2521F04BC9200276DD6 /* Splash.sks in Resources */,
				475AB2571F04BC9700276DD6 /* Reel Tick Sound.caf in Resources */,
				475AB2581F04BC9700276DD6 /* Yum Fish Sound.caf in Resources */,
				475AB2481F04BC3600276DD6 /* _macos.xcassets in Resources */,
				47F9DE3F1F05881400C523A1 /* Assets.xcassets in Resources */,
				475AB25B1F04BC9700276DD6 /* Fish Off Sound.caf in Resources */,
				475AB2551F04BC9700276DD6 /* Game Over Sound.caf in Resources */,
				475AB2591F04BC9700276DD6 /* Zombie Sound.caf in Resources */,
				475AB2561F04BC9700276DD6 /* Reel Start Sound.caf in Resources */,
				475AB2501F04BC8900276DD6 /* GameScene.sks in Resources */,
				475AB25A1F04BC9700276DD6 /* Fish Bash Sound.caf in Resources */,
				475AB2541F04BC9700276DD6 /* Fishing Ambience Sound.caf in Resources */,
				475AB2531F04BC9700276DD6 /* Fish Caught.caf in Resources */,
				475AB24B1F04BC3600276DD6 /* Main.storyboard in Resources */,
			);
			runOnlyForDeploymentPostprocessing = 0;
		};
		47D936451F06DC1600BF26AB /* Resources */ = {
			isa = PBXResourcesBuildPhase;
			buildActionMask = 2147483647;
			files = (
				47D936601F06DC6400BF26AB /* Splash.sks in Resources */,
				47D936691F06DC6B00BF26AB /* Fish Bash Sound.caf in Resources */,
				47D936571F06DC1600BF26AB /* Main.storyboard in Resources */,
				47D936641F06DC6B00BF26AB /* Game Over Sound.caf in Resources */,
				47D936661F06DC6B00BF26AB /* Reel Tick Sound.caf in Resources */,
				47D9365E1F06DC6400BF26AB /* GameScene.sks in Resources */,
				47D936631F06DC6B00BF26AB /* Fishing Ambience Sound.caf in Resources */,
				47D936651F06DC6B00BF26AB /* Reel Start Sound.caf in Resources */,
				47D936671F06DC6B00BF26AB /* Yum Fish Sound.caf in Resources */,
				47D936591F06DC1600BF26AB /* Assets_tvos.xcassets in Resources */,
				47D936611F06DC6400BF26AB /* Assets.xcassets in Resources */,
				47D936621F06DC6B00BF26AB /* Fish Caught.caf in Resources */,
				47D9366A1F06DC6B00BF26AB /* Fish Off Sound.caf in Resources */,
				47D936681F06DC6B00BF26AB /* Zombie Sound.caf in Resources */,
			);
			runOnlyForDeploymentPostprocessing = 0;
		};
		F5954B871D21F0F60088187E /* Resources */ = {
			isa = PBXResourcesBuildPhase;
			buildActionMask = 2147483647;
			files = (
				F5954B981D21F0F60088187E /* Main.storyboard in Resources */,
				F560C2521D2EB28D0066C872 /* Reel Tick Sound.caf in Resources */,
				F57E6CC81D3D4D8F00827D9A /* Splash.sks in Resources */,
				F560C2531D2EB28D0066C872 /* Yum Fish Sound.caf in Resources */,
				F53C25861D2EC20A00E346CA /* Fish Caught.caf in Resources */,
				F5B174D41D307D1B0095BE83 /* Fish Off Sound.caf in Resources */,
				F5954B8F1D21F0F60088187E /* GameScene.sks in Resources */,
				F560C2501D2EB28D0066C872 /* Game Over Sound.caf in Resources */,
				F560C2541D2EB28D0066C872 /* Zombie Sound.caf in Resources */,
				F560C2511D2EB28D0066C872 /* Reel Start Sound.caf in Resources */,
				F5B174D31D307D190095BE83 /* Fish Bash Sound.caf in Resources */,
				F560C24F1D2EB28D0066C872 /* Fishing Ambience Sound.caf in Resources */,
				F5954B9A1D21F0F60088187E /* Assets.xcassets in Resources */,
				F5954B9D1D21F0F60088187E /* LaunchScreen.storyboard in Resources */,
			);
			runOnlyForDeploymentPostprocessing = 0;
		};
/* End PBXResourcesBuildPhase section */

/* Begin PBXSourcesBuildPhase section */
		475AB2371F04BC3600276DD6 /* Sources */ = {
			isa = PBXSourcesBuildPhase;
			buildActionMask = 2147483647;
			files = (
				475AB2511F04BC8900276DD6 /* GameScene.swift in Sources */,
				475AB25D1F04BC9D00276DD6 /* CGPoint+Extensions.swift in Sources */,
				475AB2661F04BC9D00276DD6 /* SKTTimingFunctions.swift in Sources */,
				475AB2651F04BC9D00276DD6 /* SKTEffects.swift in Sources */,
				475AB2611F04BC9D00276DD6 /* SKAction+SpecialEffects.swift in Sources */,
				475AB25E1F04BC9D00276DD6 /* CGVector+Extensions.swift in Sources */,
				475AB2601F04BC9D00276DD6 /* SKAction+Extensions.swift in Sources */,
				475AB2621F04BC9D00276DD6 /* SKColor+Extensions.swift in Sources */,
				475AB2461F04BC3600276DD6 /* ViewController.swift in Sources */,
				475AB25F1F04BC9D00276DD6 /* Int+Extensions.swift in Sources */,
				475AB2631F04BC9D00276DD6 /* SKNode+Extensions.swift in Sources */,
				475AB2641F04BC9D00276DD6 /* SKTAudio.swift in Sources */,
				475AB25C1F04BC9D00276DD6 /* CGFloat+Extensions.swift in Sources */,
				475AB2671F04BC9D00276DD6 /* Vector3.swift in Sources */,
				475AB23E1F04BC3600276DD6 /* AppDelegate.swift in Sources */,
			);
			runOnlyForDeploymentPostprocessing = 0;
		};
		47D936431F06DC1600BF26AB /* Sources */ = {
			isa = PBXSourcesBuildPhase;
			buildActionMask = 2147483647;
			files = (
				47D9365F1F06DC6400BF26AB /* GameScene.swift in Sources */,
				47D9366C1F06DC7200BF26AB /* CGPoint+Extensions.swift in Sources */,
				47D936751F06DC7200BF26AB /* SKTTimingFunctions.swift in Sources */,
				47D936741F06DC7200BF26AB /* SKTEffects.swift in Sources */,
				47D936701F06DC7200BF26AB /* SKAction+SpecialEffects.swift in Sources */,
				47D9366D1F06DC7200BF26AB /* CGVector+Extensions.swift in Sources */,
				47D9366F1F06DC7200BF26AB /* SKAction+Extensions.swift in Sources */,
				47D936711F06DC7200BF26AB /* SKColor+Extensions.swift in Sources */,
				47D936541F06DC1600BF26AB /* GameViewController.swift in Sources */,
				47D9366E1F06DC7200BF26AB /* Int+Extensions.swift in Sources */,
				47D936721F06DC7200BF26AB /* SKNode+Extensions.swift in Sources */,
				47D936731F06DC7200BF26AB /* SKTAudio.swift in Sources */,
				47D9366B1F06DC7200BF26AB /* CGFloat+Extensions.swift in Sources */,
				47D936761F06DC7200BF26AB /* Vector3.swift in Sources */,
				47D9364A1F06DC1600BF26AB /* AppDelegate.swift in Sources */,
			);
			runOnlyForDeploymentPostprocessing = 0;
		};
		F5954B851D21F0F60088187E /* Sources */ = {
			isa = PBXSourcesBuildPhase;
			buildActionMask = 2147483647;
			files = (
				F5954B931D21F0F60088187E /* GameScene.swift in Sources */,
				F571938E1D2350B2006E68F6 /* CGPoint+Extensions.swift in Sources */,
				F57193971D2350B2006E68F6 /* SKTTimingFunctions.swift in Sources */,
				F57193961D2350B2006E68F6 /* SKTEffects.swift in Sources */,
				F57193921D2350B2006E68F6 /* SKAction+SpecialEffects.swift in Sources */,
				F571938F1D2350B2006E68F6 /* CGVector+Extensions.swift in Sources */,
				F57193911D2350B2006E68F6 /* SKAction+Extensions.swift in Sources */,
				F57193931D2350B2006E68F6 /* SKColor+Extensions.swift in Sources */,
				F5954B951D21F0F60088187E /* GameViewController.swift in Sources */,
				F57193901D2350B2006E68F6 /* Int+Extensions.swift in Sources */,
				F57193941D2350B2006E68F6 /* SKNode+Extensions.swift in Sources */,
				F57193951D2350B2006E68F6 /* SKTAudio.swift in Sources */,
				F571938D1D2350B2006E68F6 /* CGFloat+Extensions.swift in Sources */,
				F57193981D2350B2006E68F6 /* Vector3.swift in Sources */,
				F5954B8D1D21F0F60088187E /* AppDelegate.swift in Sources */,
			);
			runOnlyForDeploymentPostprocessing = 0;
		};
/* End PBXSourcesBuildPhase section */

/* Begin PBXVariantGroup section */
		475AB2491F04BC3600276DD6 /* Main.storyboard */ = {
			isa = PBXVariantGroup;
			children = (
				475AB24A1F04BC3600276DD6 /* Base */,
			);
			name = Main.storyboard;
			sourceTree = "<group>";
		};
		47D936551F06DC1600BF26AB /* Main.storyboard */ = {
			isa = PBXVariantGroup;
			children = (
				47D936561F06DC1600BF26AB /* Base */,
			);
			name = Main.storyboard;
			sourceTree = "<group>";
		};
		F5954B961D21F0F60088187E /* Main.storyboard */ = {
			isa = PBXVariantGroup;
			children = (
				F5954B971D21F0F60088187E /* Base */,
			);
			name = Main.storyboard;
			sourceTree = "<group>";
		};
		F5954B9B1D21F0F60088187E /* LaunchScreen.storyboard */ = {
			isa = PBXVariantGroup;
			children = (
				F5954B9C1D21F0F60088187E /* Base */,
			);
			name = LaunchScreen.storyboard;
			sourceTree = "<group>";
		};
/* End PBXVariantGroup section */

/* Begin XCBuildConfiguration section */
		475AB24D1F04BC3600276DD6 /* Debug */ = {
			isa = XCBuildConfiguration;
			buildSettings = {
				ASSETCATALOG_COMPILER_APPICON_NAME = AppIcon_macOS;
				CLANG_ANALYZER_NUMBER_OBJECT_CONVERSION = YES_AGGRESSIVE;
				CLANG_WARN_INFINITE_RECURSION = YES;
				CLANG_WARN_SUSPICIOUS_MOVE = YES;
				CODE_SIGN_ENTITLEMENTS = "Zombie Piranhas macOS/Zombie Piranhas.entitlements";
				CODE_SIGN_IDENTITY = "Mac Developer";
				COMBINE_HIDPI_IMAGES = YES;
				DEBUG_INFORMATION_FORMAT = dwarf;
				DEVELOPMENT_TEAM = 342MLXFU6X;
				INFOPLIST_FILE = "Zombie Piranhas macOS/Info.plist";
				LD_RUNPATH_SEARCH_PATHS = "$(inherited) @executable_path/../Frameworks";
				MACOSX_DEPLOYMENT_TARGET = 10.12;
				PRODUCT_BUNDLE_IDENTIFIER = "SmallJames.Zombie-Piranhas-macOS";
				PRODUCT_NAME = "Zombie Piranhas";
				PROVISIONING_PROFILE_SPECIFIER = "";
				SDKROOT = macosx;
				SWIFT_VERSION = 3.0;
			};
			name = Debug;
		};
		475AB24E1F04BC3600276DD6 /* Release */ = {
			isa = XCBuildConfiguration;
			buildSettings = {
				ASSETCATALOG_COMPILER_APPICON_NAME = AppIcon_macOS;
				CLANG_ANALYZER_NUMBER_OBJECT_CONVERSION = YES_AGGRESSIVE;
				CLANG_WARN_INFINITE_RECURSION = YES;
				CLANG_WARN_SUSPICIOUS_MOVE = YES;
				CODE_SIGN_ENTITLEMENTS = "Zombie Piranhas macOS/Zombie Piranhas.entitlements";
				CODE_SIGN_IDENTITY = "Mac Developer";
				COMBINE_HIDPI_IMAGES = YES;
				DEVELOPMENT_TEAM = 342MLXFU6X;
				INFOPLIST_FILE = "Zombie Piranhas macOS/Info.plist";
				LD_RUNPATH_SEARCH_PATHS = "$(inherited) @executable_path/../Frameworks";
				MACOSX_DEPLOYMENT_TARGET = 10.12;
				PRODUCT_BUNDLE_IDENTIFIER = "SmallJames.Zombie-Piranhas-macOS";
				PRODUCT_NAME = "Zombie Piranhas";
				PROVISIONING_PROFILE_SPECIFIER = "";
				SDKROOT = macosx;
				SWIFT_VERSION = 3.0;
			};
			name = Release;
		};
		47D9365C1F06DC1600BF26AB /* Debug */ = {
			isa = XCBuildConfiguration;
			buildSettings = {
				ASSETCATALOG_COMPILER_LAUNCHIMAGE_NAME = LaunchImage;
				CLANG_ANALYZER_NUMBER_OBJECT_CONVERSION = YES_AGGRESSIVE;
				DEBUG_INFORMATION_FORMAT = dwarf;
				DEVELOPMENT_TEAM = 342MLXFU6X;
				INFOPLIST_FILE = "Zombie Piranhas tvOS/Info.plist";
				LD_RUNPATH_SEARCH_PATHS = "$(inherited) @executable_path/Frameworks";
				PRODUCT_BUNDLE_IDENTIFIER = "SmallJames.Zombie-Piranhas-tvOS";
				PRODUCT_NAME = "Zombie Piranhas";
				SDKROOT = appletvos;
				SWIFT_VERSION = 3.0;
				TARGETED_DEVICE_FAMILY = 3;
				TVOS_DEPLOYMENT_TARGET = 10.2;
			};
			name = Debug;
		};
		47D9365D1F06DC1600BF26AB /* Release */ = {
			isa = XCBuildConfiguration;
			buildSettings = {
				ASSETCATALOG_COMPILER_LAUNCHIMAGE_NAME = LaunchImage;
				CLANG_ANALYZER_NUMBER_OBJECT_CONVERSION = YES_AGGRESSIVE;
				DEVELOPMENT_TEAM = 342MLXFU6X;
				INFOPLIST_FILE = "Zombie Piranhas tvOS/Info.plist";
				LD_RUNPATH_SEARCH_PATHS = "$(inherited) @executable_path/Frameworks";
				PRODUCT_BUNDLE_IDENTIFIER = "SmallJames.Zombie-Piranhas-tvOS";
				PRODUCT_NAME = "Zombie Piranhas";
				SDKROOT = appletvos;
				SWIFT_VERSION = 3.0;
				TARGETED_DEVICE_FAMILY = 3;
				TVOS_DEPLOYMENT_TARGET = 10.2;
			};
			name = Release;
		};
		F5954B9F1D21F0F60088187E /* Debug */ = {
			isa = XCBuildConfiguration;
			buildSettings = {
				ALWAYS_SEARCH_USER_PATHS = NO;
				CLANG_ANALYZER_NONNULL = YES;
				CLANG_CXX_LANGUAGE_STANDARD = "gnu++0x";
				CLANG_CXX_LIBRARY = "libc++";
				CLANG_ENABLE_MODULES = YES;
				CLANG_ENABLE_OBJC_ARC = YES;
				CLANG_WARN_BOOL_CONVERSION = YES;
				CLANG_WARN_CONSTANT_CONVERSION = YES;
				CLANG_WARN_DIRECT_OBJC_ISA_USAGE = YES_ERROR;
				CLANG_WARN_DOCUMENTATION_COMMENTS = YES;
				CLANG_WARN_EMPTY_BODY = YES;
				CLANG_WARN_ENUM_CONVERSION = YES;
				CLANG_WARN_INFINITE_RECURSION = YES;
				CLANG_WARN_INT_CONVERSION = YES;
				CLANG_WARN_OBJC_ROOT_CLASS = YES_ERROR;
				CLANG_WARN_SUSPICIOUS_MOVE = YES;
				CLANG_WARN_UNREACHABLE_CODE = YES;
				CLANG_WARN__DUPLICATE_METHOD_MATCH = YES;
				"CODE_SIGN_IDENTITY[sdk=iphoneos*]" = "iPhone Developer";
				COPY_PHASE_STRIP = NO;
				DEBUG_INFORMATION_FORMAT = "dwarf-with-dsym";
				ENABLE_STRICT_OBJC_MSGSEND = YES;
				ENABLE_TESTABILITY = YES;
				GCC_C_LANGUAGE_STANDARD = gnu99;
				GCC_DYNAMIC_NO_PIC = NO;
				GCC_NO_COMMON_BLOCKS = YES;
				GCC_OPTIMIZATION_LEVEL = 0;
				GCC_PREPROCESSOR_DEFINITIONS = (
					"DEBUG=1",
					"$(inherited)",
				);
				GCC_WARN_64_TO_32_BIT_CONVERSION = YES;
				GCC_WARN_ABOUT_RETURN_TYPE = YES_ERROR;
				GCC_WARN_UNDECLARED_SELECTOR = YES;
				GCC_WARN_UNINITIALIZED_AUTOS = YES_AGGRESSIVE;
				GCC_WARN_UNUSED_FUNCTION = YES;
				GCC_WARN_UNUSED_VARIABLE = YES;
				IPHONEOS_DEPLOYMENT_TARGET = 10.0;
				MTL_ENABLE_DEBUG_INFO = YES;
				ONLY_ACTIVE_ARCH = YES;
				SDKROOT = iphoneos;
				SWIFT_ACTIVE_COMPILATION_CONDITIONS = DEBUG;
				SWIFT_OPTIMIZATION_LEVEL = "-Onone";
				TARGETED_DEVICE_FAMILY = "1,2";
			};
			name = Debug;
		};
		F5954BA01D21F0F60088187E /* Release */ = {
			isa = XCBuildConfiguration;
			buildSettings = {
				ALWAYS_SEARCH_USER_PATHS = NO;
				CLANG_ANALYZER_NONNULL = YES;
				CLANG_CXX_LANGUAGE_STANDARD = "gnu++0x";
				CLANG_CXX_LIBRARY = "libc++";
				CLANG_ENABLE_MODULES = YES;
				CLANG_ENABLE_OBJC_ARC = YES;
				CLANG_WARN_BOOL_CONVERSION = YES;
				CLANG_WARN_CONSTANT_CONVERSION = YES;
				CLANG_WARN_DIRECT_OBJC_ISA_USAGE = YES_ERROR;
				CLANG_WARN_DOCUMENTATION_COMMENTS = YES;
				CLANG_WARN_EMPTY_BODY = YES;
				CLANG_WARN_ENUM_CONVERSION = YES;
				CLANG_WARN_INFINITE_RECURSION = YES;
				CLANG_WARN_INT_CONVERSION = YES;
				CLANG_WARN_OBJC_ROOT_CLASS = YES_ERROR;
				CLANG_WARN_SUSPICIOUS_MOVE = YES;
				CLANG_WARN_UNREACHABLE_CODE = YES;
				CLANG_WARN__DUPLICATE_METHOD_MATCH = YES;
				"CODE_SIGN_IDENTITY[sdk=iphoneos*]" = "iPhone Developer";
				COPY_PHASE_STRIP = NO;
				DEBUG_INFORMATION_FORMAT = "dwarf-with-dsym";
				ENABLE_NS_ASSERTIONS = NO;
				ENABLE_STRICT_OBJC_MSGSEND = YES;
				GCC_C_LANGUAGE_STANDARD = gnu99;
				GCC_NO_COMMON_BLOCKS = YES;
				GCC_WARN_64_TO_32_BIT_CONVERSION = YES;
				GCC_WARN_ABOUT_RETURN_TYPE = YES_ERROR;
				GCC_WARN_UNDECLARED_SELECTOR = YES;
				GCC_WARN_UNINITIALIZED_AUTOS = YES_AGGRESSIVE;
				GCC_WARN_UNUSED_FUNCTION = YES;
				GCC_WARN_UNUSED_VARIABLE = YES;
				IPHONEOS_DEPLOYMENT_TARGET = 10.0;
				MTL_ENABLE_DEBUG_INFO = NO;
				SDKROOT = iphoneos;
				SWIFT_OPTIMIZATION_LEVEL = "-Owholemodule";
				TARGETED_DEVICE_FAMILY = "1,2";
				VALIDATE_PRODUCT = YES;
			};
			name = Release;
		};
		F5954BA21D21F0F60088187E /* Debug */ = {
			isa = XCBuildConfiguration;
			buildSettings = {
				ASSETCATALOG_COMPILER_APPICON_NAME = AppIcon;
				DEVELOPMENT_TEAM = 342MLXFU6X;
				INFOPLIST_FILE = "Zombie Piranhas/Info.plist";
				IPHONEOS_DEPLOYMENT_TARGET = 10.0;
				LD_RUNPATH_SEARCH_PATHS = "$(inherited) @executable_path/Frameworks";
				PRODUCT_BUNDLE_IDENTIFIER = "com.razeware.Zombie-Piranhas";
				PRODUCT_NAME = "$(TARGET_NAME)";
				SWIFT_VERSION = 3.0;
			};
			name = Debug;
		};
		F5954BA31D21F0F60088187E /* Release */ = {
			isa = XCBuildConfiguration;
			buildSettings = {
				ASSETCATALOG_COMPILER_APPICON_NAME = AppIcon;
				DEVELOPMENT_TEAM = 342MLXFU6X;
				INFOPLIST_FILE = "Zombie Piranhas/Info.plist";
				IPHONEOS_DEPLOYMENT_TARGET = 10.0;
				LD_RUNPATH_SEARCH_PATHS = "$(inherited) @executable_path/Frameworks";
				PRODUCT_BUNDLE_IDENTIFIER = "com.razeware.Zombie-Piranhas";
				PRODUCT_NAME = "$(TARGET_NAME)";
				SWIFT_VERSION = 3.0;
			};
			name = Release;
		};
/* End XCBuildConfiguration section */

/* Begin XCConfigurationList section */
		475AB24F1F04BC3600276DD6 /* Build configuration list for PBXNativeTarget "Zombie Piranhas macOS" */ = {
			isa = XCConfigurationList;
			buildConfigurations = (
				475AB24D1F04BC3600276DD6 /* Debug */,
				475AB24E1F04BC3600276DD6 /* Release */,
			);
			defaultConfigurationIsVisible = 0;
			defaultConfigurationName = Release;
		};
		47D9365B1F06DC1600BF26AB /* Build configuration list for PBXNativeTarget "Zombie Piranhas tvOS" */ = {
			isa = XCConfigurationList;
			buildConfigurations = (
				47D9365C1F06DC1600BF26AB /* Debug */,
				47D9365D1F06DC1600BF26AB /* Release */,
			);
			defaultConfigurationIsVisible = 0;
			defaultConfigurationName = Release;
		};
		F5954B841D21F0F60088187E /* Build configuration list for PBXProject "Zombie Piranhas" */ = {
			isa = XCConfigurationList;
			buildConfigurations = (
				F5954B9F1D21F0F60088187E /* Debug */,
				F5954BA01D21F0F60088187E /* Release */,
			);
			defaultConfigurationIsVisible = 0;
			defaultConfigurationName = Release;
		};
		F5954BA11D21F0F60088187E /* Build configuration list for PBXNativeTarget "Zombie Piranhas" */ = {
			isa = XCConfigurationList;
			buildConfigurations = (
				F5954BA21D21F0F60088187E /* Debug */,
				F5954BA31D21F0F60088187E /* Release */,
			);
			defaultConfigurationIsVisible = 0;
			defaultConfigurationName = Release;
		};
/* End XCConfigurationList section */
	};
	rootObject = F5954B811D21F0F60088187E /* Project object */;
}
