// !$*UTF8*$!
{
	archiveVersion = 1;
	classes = {
	};
	objectVersion = 46;
	objects = {

/* Begin PBXBuildFile section */
		474F3C1D1DA6024700283256 /* AppDelegate.swift in Sources */ = {isa = PBXBuildFile; fileRef = 474F3C1C1DA6024700283256 /* AppDelegate.swift */; };
		474F3C1F1DA6024700283256 /* ViewController.swift in Sources */ = {isa = PBXBuildFile; fileRef = 474F3C1E1DA6024700283256 /* ViewController.swift */; };
		474F3C221DA6024700283256 /* Main.storyboard in Resources */ = {isa = PBXBuildFile; fileRef = 474F3C201DA6024700283256 /* Main.storyboard */; };
		474F3C241DA6024700283256 /* Assets.xcassets in Resources */ = {isa = PBXBuildFile; fileRef = 474F3C231DA6024700283256 /* Assets.xcassets */; };
		474F3C271DA6024700283256 /* LaunchScreen.storyboard in Resources */ = {isa = PBXBuildFile; fileRef = 474F3C251DA6024700283256 /* LaunchScreen.storyboard */; };
/* End PBXBuildFile section */

/* Begin PBXFileReference section */
		474F3C191DA6024700283256 /* Stanford Calculator.app */ = {isa = PBXFileReference; explicitFileType = wrapper.application; includeInIndex = 0; path = "Stanford Calculator.app"; sourceTree = BUILT_PRODUCTS_DIR; };
		474F3C1C1DA6024700283256 /* AppDelegate.swift */ = {isa = PBXFileReference; lastKnownFileType = sourcecode.swift; path = AppDelegate.swift; sourceTree = "<group>"; };
		474F3C1E1DA6024700283256 /* ViewController.swift */ = {isa = PBXFileReference; lastKnownFileType = sourcecode.swift; path = ViewController.swift; sourceTree = "<group>"; };
		474F3C211DA6024700283256 /* Base */ = {isa = PBXFileReference; lastKnownFileType = file.storyboard; name = Base; path = Base.lproj/Main.storyboard; sourceTree = "<group>"; };
		474F3C231DA6024700283256 /* Assets.xcassets */ = {isa = PBXFileReference; lastKnownFileType = folder.assetcatalog; path = Assets.xcassets; sourceTree = "<group>"; };
		474F3C261DA6024700283256 /* Base */ = {isa = PBXFileReference; lastKnownFileType = file.storyboard; name = Base; path = Base.lproj/LaunchScreen.storyboard; sourceTree = "<group>"; };
		474F3C281DA6024700283256 /* Info.plist */ = {isa = PBXFileReference; lastKnownFileType = text.plist.xml; path = Info.plist; sourceTree = "<group>"; };
/* End PBXFileReference section */

/* Begin PBXFrameworksBuildPhase section */
		474F3C161DA6024700283256 /* Frameworks */ = {
			isa = PBXFrameworksBuildPhase;
			buildActionMask = 2147483647;
			files = (
			);
			runOnlyForDeploymentPostprocessing = 0;
		};
/* End PBXFrameworksBuildPhase section */

/* Begin PBXGroup section */
		4741EDBA1DA742D300F8F6C2 /* Supporting Files */ = {
			isa = PBXGroup;
			children = (
				474F3C1C1DA6024700283256 /* AppDelegate.swift */,
				474F3C231DA6024700283256 /* Assets.xcassets */,
				474F3C251DA6024700283256 /* LaunchScreen.storyboard */,
				474F3C281DA6024700283256 /* Info.plist */,
			);
			name = "Supporting Files";
			sourceTree = "<group>";
		};
		474F3C101DA6024700283256 = {
			isa = PBXGroup;
			children = (
				474F3C1B1DA6024700283256 /* Stanford Calculator */,
				474F3C1A1DA6024700283256 /* Products */,
			);
			sourceTree = "<group>";
		};
		474F3C1A1DA6024700283256 /* Products */ = {
			isa = PBXGroup;
			children = (
				474F3C191DA6024700283256 /* Stanford Calculator.app */,
			);
			name = Products;
			sourceTree = "<group>";
		};
		474F3C1B1DA6024700283256 /* Stanford Calculator */ = {
			isa = PBXGroup;
			children = (
				4741EDBA1DA742D300F8F6C2 /* Supporting Files */,
				474F3C1E1DA6024700283256 /* ViewController.swift */,
				474F3C201DA6024700283256 /* Main.storyboard */,
			);
			path = "Stanford Calculator";
			sourceTree = "<group>";
		};
/* End PBXGroup section */

/* Begin PBXNativeTarget section */
		474F3C181DA6024700283256 /* Stanford Calculator */ = {
			isa = PBXNativeTarget;
			buildConfigurationList = 474F3C2B1DA6024700283256 /* Build configuration list for PBXNativeTarget "Stanford Calculator" */;
			buildPhases = (
				474F3C151DA6024700283256 /* Sources */,
				474F3C161DA6024700283256 /* Frameworks */,
				474F3C171DA6024700283256 /* Resources */,
			);
			buildRules = (
			);
			dependencies = (
			);
			name = "Stanford Calculator";
			productName = "Stanford Calculator";
			productReference = 474F3C191DA6024700283256 /* Stanford Calculator.app */;
			productType = "com.apple.product-type.application";
		};
/* End PBXNativeTarget section */

/* Begin PBXProject section */
		474F3C111DA6024700283256 /* Project object */ = {
			isa = PBXProject;
			attributes = {
				LastSwiftUpdateCheck = 0800;
				LastUpgradeCheck = 0800;
				ORGANIZATIONNAME = SmallJames;
				TargetAttributes = {
					474F3C181DA6024700283256 = {
						CreatedOnToolsVersion = 8.0;
						DevelopmentTeam = 342MLXFU6X;
						ProvisioningStyle = Automatic;
					};
				};
			};
			buildConfigurationList = 474F3C141DA6024700283256 /* Build configuration list for PBXProject "Stanford Calculator" */;
			compatibilityVersion = "Xcode 3.2";
			developmentRegion = English;
			hasScannedForEncodings = 0;
			knownRegions = (
				en,
				Base,
			);
			mainGroup = 474F3C101DA6024700283256;
			productRefGroup = 474F3C1A1DA6024700283256 /* Products */;
			projectDirPath = "";
			projectRoot = "";
			targets = (
				474F3C181DA6024700283256 /* Stanford Calculator */,
			);
		};
/* End PBXProject section */

/* Begin PBXResourcesBuildPhase section */
		474F3C171DA6024700283256 /* Resources */ = {
			isa = PBXResourcesBuildPhase;
			buildActionMask = 2147483647;
			files = (
				474F3C271DA6024700283256 /* LaunchScreen.storyboard in Resources */,
				474F3C241DA6024700283256 /* Assets.xcassets in Resources */,
				474F3C221DA6024700283256 /* Main.storyboard in Resources */,
			);
			runOnlyForDeploymentPostprocessing = 0;
		};
/* End PBXResourcesBuildPhase section */

/* Begin PBXSourcesBuildPhase section */
		474F3C151DA6024700283256 /* Sources */ = {
			isa = PBXSourcesBuildPhase;
			buildActionMask = 2147483647;
			files = (
				474F3C1F1DA6024700283256 /* ViewController.swift in Sources */,
				474F3C1D1DA6024700283256 /* AppDelegate.swift in Sources */,
			);
			runOnlyForDeploymentPostprocessing = 0;
		};
/* End PBXSourcesBuildPhase section */

/* Begin PBXVariantGroup section */
		474F3C201DA6024700283256 /* Main.storyboard */ = {
			isa = PBXVariantGroup;
			children = (
				474F3C211DA6024700283256 /* Base */,
			);
			name = Main.storyboard;
			sourceTree = "<group>";
		};
		474F3C251DA6024700283256 /* LaunchScreen.storyboard */ = {
			isa = PBXVariantGroup;
			children = (
				474F3C261DA6024700283256 /* Base */,
			);
			name = LaunchScreen.storyboard;
			sourceTree = "<group>";
		};
/* End PBXVariantGroup section */

/* Begin XCBuildConfiguration section */
		474F3C291DA6024700283256 /* Debug */ = {
			isa = XCBuildConfiguration;
			buildSettings = {
				ALWAYS_SEARCH_USER_PATHS = NO;
				CLANG_ANALYZER_NONNULL = YES;
				CLANG_CXX_LANGUAGE_STANDARD = "gnu++0x";
				CLANG_CXX_LIBRARY = "libc++";
				CLANG_ENABLE_MODULES = YES;
				CLANG_ENABLE_OBJC_ARC = YES;
				CLANG_WARN_BOOL_CONVERSION = YES;
				CLANG_WARN_CONSTANT_CONVERSION = YES;
				CLANG_WARN_DIRECT_OBJC_ISA_USAGE = YES_ERROR;
				CLANG_WARN_DOCUMENTATION_COMMENTS = YES;
				CLANG_WARN_EMPTY_BODY = YES;
				CLANG_WARN_ENUM_CONVERSION = YES;
				CLANG_WARN_INFINITE_RECURSION = YES;
				CLANG_WARN_INT_CONVERSION = YES;
				CLANG_WARN_OBJC_ROOT_CLASS = YES_ERROR;
				CLANG_WARN_SUSPICIOUS_MOVES = YES;
				CLANG_WARN_UNREACHABLE_CODE = YES;
				CLANG_WARN__DUPLICATE_METHOD_MATCH = YES;
				"CODE_SIGN_IDENTITY[sdk=iphoneos*]" = "iPhone Developer";
				COPY_PHASE_STRIP = NO;
				DEBUG_INFORMATION_FORMAT = dwarf;
				ENABLE_STRICT_OBJC_MSGSEND = YES;
				ENABLE_TESTABILITY = YES;
				GCC_C_LANGUAGE_STANDARD = gnu99;
				GCC_DYNAMIC_NO_PIC = NO;
				GCC_NO_COMMON_BLOCKS = YES;
				GCC_OPTIMIZATION_LEVEL = 0;
				GCC_PREPROCESSOR_DEFINITIONS = (
					"DEBUG=1",
					"$(inherited)",
				);
				GCC_WARN_64_TO_32_BIT_CONVERSION = YES;
				GCC_WARN_ABOUT_RETURN_TYPE = YES_ERROR;
				GCC_WARN_UNDECLARED_SELECTOR = YES;
				GCC_WARN_UNINITIALIZED_AUTOS = YES_AGGRESSIVE;
				GCC_WARN_UNUSED_FUNCTION = YES;
				GCC_WARN_UNUSED_VARIABLE = YES;
				IPHONEOS_DEPLOYMENT_TARGET = 10.0;
				MTL_ENABLE_DEBUG_INFO = YES;
				ONLY_ACTIVE_ARCH = YES;
				SDKROOT = iphoneos;
				SWIFT_ACTIVE_COMPILATION_CONDITIONS = DEBUG;
				SWIFT_OPTIMIZATION_LEVEL = "-Onone";
				TARGETED_DEVICE_FAMILY = "1,2";
			};
			name = Debug;
		};
		474F3C2A1DA6024700283256 /* Release */ = {
			isa = XCBuildConfiguration;
			buildSettings = {
				ALWAYS_SEARCH_USER_PATHS = NO;
				CLANG_ANALYZER_NONNULL = YES;
				CLANG_CXX_LANGUAGE_STANDARD = "gnu++0x";
				CLANG_CXX_LIBRARY = "libc++";
				CLANG_ENABLE_MODULES = YES;
				CLANG_ENABLE_OBJC_ARC = YES;
				CLANG_WARN_BOOL_CONVERSION = YES;
				CLANG_WARN_CONSTANT_CONVERSION = YES;
				CLANG_WARN_DIRECT_OBJC_ISA_USAGE = YES_ERROR;
				CLANG_WARN_DOCUMENTATION_COMMENTS = YES;
				CLANG_WARN_EMPTY_BODY = YES;
				CLANG_WARN_ENUM_CONVERSION = YES;
				CLANG_WARN_INFINITE_RECURSION = YES;
				CLANG_WARN_INT_CONVERSION = YES;
				CLANG_WARN_OBJC_ROOT_CLASS = YES_ERROR;
				CLANG_WARN_SUSPICIOUS_MOVES = YES;
				CLANG_WARN_UNREACHABLE_CODE = YES;
				CLANG_WARN__DUPLICATE_METHOD_MATCH = YES;
				"CODE_SIGN_IDENTITY[sdk=iphoneos*]" = "iPhone Developer";
				COPY_PHASE_STRIP = NO;
				DEBUG_INFORMATION_FORMAT = "dwarf-with-dsym";
				ENABLE_NS_ASSERTIONS = NO;
				ENABLE_STRICT_OBJC_MSGSEND = YES;
				GCC_C_LANGUAGE_STANDARD = gnu99;
				GCC_NO_COMMON_BLOCKS = YES;
				GCC_WARN_64_TO_32_BIT_CONVERSION = YES;
				GCC_WARN_ABOUT_RETURN_TYPE = YES_ERROR;
				GCC_WARN_UNDECLARED_SELECTOR = YES;
				GCC_WARN_UNINITIALIZED_AUTOS = YES_AGGRESSIVE;
				GCC_WARN_UNUSED_FUNCTION = YES;
				GCC_WARN_UNUSED_VARIABLE = YES;
				IPHONEOS_DEPLOYMENT_TARGET = 10.0;
				MTL_ENABLE_DEBUG_INFO = NO;
				SDKROOT = iphoneos;
				SWIFT_OPTIMIZATION_LEVEL = "-Owholemodule";
				TARGETED_DEVICE_FAMILY = "1,2";
				VALIDATE_PRODUCT = YES;
			};
			name = Release;
		};
		474F3C2C1DA6024700283256 /* Debug */ = {
			isa = XCBuildConfiguration;
			buildSettings = {
				ASSETCATALOG_COMPILER_APPICON_NAME = AppIcon;
				"CODE_SIGN_IDENTITY[sdk=iphoneos*]" = "iPhone Developer";
				DEVELOPMENT_TEAM = 342MLXFU6X;
				INFOPLIST_FILE = "Stanford Calculator/Info.plist";
				LD_RUNPATH_SEARCH_PATHS = "$(inherited) @executable_path/Frameworks";
				PRODUCT_BUNDLE_IDENTIFIER = "SmallJames.Stanford-Calculator";
				PRODUCT_NAME = "$(TARGET_NAME)";
				SWIFT_VERSION = 3.0;
			};
			name = Debug;
		};
		474F3C2D1DA6024700283256 /* Release */ = {
			isa = XCBuildConfiguration;
			buildSettings = {
				ASSETCATALOG_COMPILER_APPICON_NAME = AppIcon;
				"CODE_SIGN_IDENTITY[sdk=iphoneos*]" = "iPhone Developer";
				DEVELOPMENT_TEAM = 342MLXFU6X;
				INFOPLIST_FILE = "Stanford Calculator/Info.plist";
				LD_RUNPATH_SEARCH_PATHS = "$(inherited) @executable_path/Frameworks";
				PRODUCT_BUNDLE_IDENTIFIER = "SmallJames.Stanford-Calculator";
				PRODUCT_NAME = "$(TARGET_NAME)";
				SWIFT_VERSION = 3.0;
			};
			name = Release;
		};
/* End XCBuildConfiguration section */

/* Begin XCConfigurationList section */
		474F3C141DA6024700283256 /* Build configuration list for PBXProject "Stanford Calculator" */ = {
			isa = XCConfigurationList;
			buildConfigurations = (
				474F3C291DA6024700283256 /* Debug */,
				474F3C2A1DA6024700283256 /* Release */,
			);
			defaultConfigurationIsVisible = 0;
			defaultConfigurationName = Release;
		};
		474F3C2B1DA6024700283256 /* Build configuration list for PBXNativeTarget "Stanford Calculator" */ = {
			isa = XCConfigurationList;
			buildConfigurations = (
				474F3C2C1DA6024700283256 /* Debug */,
				474F3C2D1DA6024700283256 /* Release */,
			);
			defaultConfigurationIsVisible = 0;
			defaultConfigurationName = Release;
		};
/* End XCConfigurationList section */
	};
	rootObject = 474F3C111DA6024700283256 /* Project object */;
}
